// !$*UTF8*$!
{
	archiveVersion = 1;
	classes = {
	};
	objectVersion = 50;
	objects = {

/* Begin PBXBuildFile section */
		220E6D462643DD4D0081B64D /* AppDelegate.swift in Sources */ = {isa = PBXBuildFile; fileRef = 220E6D452643DD4D0081B64D /* AppDelegate.swift */; };
		220E6D482643DD4D0081B64D /* SceneDelegate.swift in Sources */ = {isa = PBXBuildFile; fileRef = 220E6D472643DD4D0081B64D /* SceneDelegate.swift */; };
		220E6D4A2643DD4D0081B64D /* ViewController.swift in Sources */ = {isa = PBXBuildFile; fileRef = 220E6D492643DD4D0081B64D /* ViewController.swift */; };
		220E6D4D2643DD4D0081B64D /* Main.storyboard in Resources */ = {isa = PBXBuildFile; fileRef = 220E6D4B2643DD4D0081B64D /* Main.storyboard */; };
		220E6D4F2643DD500081B64D /* Assets.xcassets in Resources */ = {isa = PBXBuildFile; fileRef = 220E6D4E2643DD500081B64D /* Assets.xcassets */; };
		220E6D522643DD500081B64D /* LaunchScreen.storyboard in Resources */ = {isa = PBXBuildFile; fileRef = 220E6D502643DD500081B64D /* LaunchScreen.storyboard */; };
		220E6D5D2643DD500081B64D /* MyFirstIosTests.swift in Sources */ = {isa = PBXBuildFile; fileRef = 220E6D5C2643DD500081B64D /* MyFirstIosTests.swift */; };
		220E6D682643DD510081B64D /* MyFirstIosUITests.swift in Sources */ = {isa = PBXBuildFile; fileRef = 220E6D672643DD510081B64D /* MyFirstIosUITests.swift */; };
/* End PBXBuildFile section */

/* Begin PBXContainerItemProxy section */
		220E6D592643DD500081B64D /* PBXContainerItemProxy */ = {
			isa = PBXContainerItemProxy;
			containerPortal = 220E6D3A2643DD4D0081B64D /* Project object */;
			proxyType = 1;
			remoteGlobalIDString = 220E6D412643DD4D0081B64D;
			remoteInfo = MyFirstIos;
		};
		220E6D642643DD500081B64D /* PBXContainerItemProxy */ = {
			isa = PBXContainerItemProxy;
			containerPortal = 220E6D3A2643DD4D0081B64D /* Project object */;
			proxyType = 1;
			remoteGlobalIDString = 220E6D412643DD4D0081B64D;
			remoteInfo = MyFirstIos;
		};
/* End PBXContainerItemProxy section */

/* Begin PBXFileReference section */
		220E6D422643DD4D0081B64D /* MyFirstIos.app */ = {isa = PBXFileReference; explicitFileType = wrapper.application; includeInIndex = 0; path = MyFirstIos.app; sourceTree = BUILT_PRODUCTS_DIR; };
		220E6D452643DD4D0081B64D /* AppDelegate.swift */ = {isa = PBXFileReference; lastKnownFileType = sourcecode.swift; path = AppDelegate.swift; sourceTree = "<group>"; };
		220E6D472643DD4D0081B64D /* SceneDelegate.swift */ = {isa = PBXFileReference; lastKnownFileType = sourcecode.swift; path = SceneDelegate.swift; sourceTree = "<group>"; };
		220E6D492643DD4D0081B64D /* ViewController.swift */ = {isa = PBXFileReference; lastKnownFileType = sourcecode.swift; path = ViewController.swift; sourceTree = "<group>"; };
		220E6D4C2643DD4D0081B64D /* Base */ = {isa = PBXFileReference; lastKnownFileType = file.storyboard; name = Base; path = Base.lproj/Main.storyboard; sourceTree = "<group>"; };
		220E6D4E2643DD500081B64D /* Assets.xcassets */ = {isa = PBXFileReference; lastKnownFileType = folder.assetcatalog; path = Assets.xcassets; sourceTree = "<group>"; };
		220E6D512643DD500081B64D /* Base */ = {isa = PBXFileReference; lastKnownFileType = file.storyboard; name = Base; path = Base.lproj/LaunchScreen.storyboard; sourceTree = "<group>"; };
		220E6D532643DD500081B64D /* Info.plist */ = {isa = PBXFileReference; lastKnownFileType = text.plist.xml; path = Info.plist; sourceTree = "<group>"; };
		220E6D582643DD500081B64D /* MyFirstIosTests.xctest */ = {isa = PBXFileReference; explicitFileType = wrapper.cfbundle; includeInIndex = 0; path = MyFirstIosTests.xctest; sourceTree = BUILT_PRODUCTS_DIR; };
		220E6D5C2643DD500081B64D /* MyFirstIosTests.swift */ = {isa = PBXFileReference; lastKnownFileType = sourcecode.swift; path = MyFirstIosTests.swift; sourceTree = "<group>"; };
		220E6D5E2643DD500081B64D /* Info.plist */ = {isa = PBXFileReference; lastKnownFileType = text.plist.xml; path = Info.plist; sourceTree = "<group>"; };
		220E6D632643DD500081B64D /* MyFirstIosUITests.xctest */ = {isa = PBXFileReference; explicitFileType = wrapper.cfbundle; includeInIndex = 0; path = MyFirstIosUITests.xctest; sourceTree = BUILT_PRODUCTS_DIR; };
		220E6D672643DD510081B64D /* MyFirstIosUITests.swift */ = {isa = PBXFileReference; lastKnownFileType = sourcecode.swift; path = MyFirstIosUITests.swift; sourceTree = "<group>"; };
		220E6D692643DD510081B64D /* Info.plist */ = {isa = PBXFileReference; lastKnownFileType = text.plist.xml; path = Info.plist; sourceTree = "<group>"; };
/* End PBXFileReference section */

/* Begin PBXFrameworksBuildPhase section */
		220E6D3F2643DD4D0081B64D /* Frameworks */ = {
			isa = PBXFrameworksBuildPhase;
			buildActionMask = 2147483647;
			files = (
			);
			runOnlyForDeploymentPostprocessing = 0;
		};
		220E6D552643DD500081B64D /* Frameworks */ = {
			isa = PBXFrameworksBuildPhase;
			buildActionMask = 2147483647;
			files = (
			);
			runOnlyForDeploymentPostprocessing = 0;
		};
		220E6D602643DD500081B64D /* Frameworks */ = {
			isa = PBXFrameworksBuildPhase;
			buildActionMask = 2147483647;
			files = (
			);
			runOnlyForDeploymentPostprocessing = 0;
		};
/* End PBXFrameworksBuildPhase section */

/* Begin PBXGroup section */
		220E6D392643DD4D0081B64D = {
			isa = PBXGroup;
			children = (
				220E6D442643DD4D0081B64D /* MyFirstIos */,
				220E6D5B2643DD500081B64D /* MyFirstIosTests */,
				220E6D662643DD510081B64D /* MyFirstIosUITests */,
				220E6D432643DD4D0081B64D /* Products */,
			);
			sourceTree = "<group>";
		};
		220E6D432643DD4D0081B64D /* Products */ = {
			isa = PBXGroup;
			children = (
				220E6D422643DD4D0081B64D /* MyFirstIos.app */,
				220E6D582643DD500081B64D /* MyFirstIosTests.xctest */,
				220E6D632643DD500081B64D /* MyFirstIosUITests.xctest */,
			);
			name = Products;
			sourceTree = "<group>";
		};
		220E6D442643DD4D0081B64D /* MyFirstIos */ = {
			isa = PBXGroup;
			children = (
				220E6D452643DD4D0081B64D /* AppDelegate.swift */,
				220E6D472643DD4D0081B64D /* SceneDelegate.swift */,
				220E6D492643DD4D0081B64D /* ViewController.swift */,
				220E6D4B2643DD4D0081B64D /* Main.storyboard */,
				220E6D4E2643DD500081B64D /* Assets.xcassets */,
				220E6D502643DD500081B64D /* LaunchScreen.storyboard */,
				220E6D532643DD500081B64D /* Info.plist */,
			);
			path = MyFirstIos;
			sourceTree = "<group>";
		};
		220E6D5B2643DD500081B64D /* MyFirstIosTests */ = {
			isa = PBXGroup;
			children = (
				220E6D5C2643DD500081B64D /* MyFirstIosTests.swift */,
				220E6D5E2643DD500081B64D /* Info.plist */,
			);
			path = MyFirstIosTests;
			sourceTree = "<group>";
		};
		220E6D662643DD510081B64D /* MyFirstIosUITests */ = {
			isa = PBXGroup;
			children = (
				220E6D672643DD510081B64D /* MyFirstIosUITests.swift */,
				220E6D692643DD510081B64D /* Info.plist */,
			);
			path = MyFirstIosUITests;
			sourceTree = "<group>";
		};
/* End PBXGroup section */

/* Begin PBXNativeTarget section */
		220E6D412643DD4D0081B64D /* MyFirstIos */ = {
			isa = PBXNativeTarget;
			buildConfigurationList = 220E6D6C2643DD510081B64D /* Build configuration list for PBXNativeTarget "MyFirstIos" */;
			buildPhases = (
				220E6D3E2643DD4D0081B64D /* Sources */,
				220E6D3F2643DD4D0081B64D /* Frameworks */,
				220E6D402643DD4D0081B64D /* Resources */,
			);
			buildRules = (
			);
			dependencies = (
			);
			name = MyFirstIos;
			productName = MyFirstIos;
			productReference = 220E6D422643DD4D0081B64D /* MyFirstIos.app */;
			productType = "com.apple.product-type.application";
		};
		220E6D572643DD500081B64D /* MyFirstIosTests */ = {
			isa = PBXNativeTarget;
			buildConfigurationList = 220E6D6F2643DD510081B64D /* Build configuration list for PBXNativeTarget "MyFirstIosTests" */;
			buildPhases = (
				220E6D542643DD500081B64D /* Sources */,
				220E6D552643DD500081B64D /* Frameworks */,
				220E6D562643DD500081B64D /* Resources */,
			);
			buildRules = (
			);
			dependencies = (
				220E6D5A2643DD500081B64D /* PBXTargetDependency */,
			);
			name = MyFirstIosTests;
			productName = MyFirstIosTests;
			productReference = 220E6D582643DD500081B64D /* MyFirstIosTests.xctest */;
			productType = "com.apple.product-type.bundle.unit-test";
		};
		220E6D622643DD500081B64D /* MyFirstIosUITests */ = {
			isa = PBXNativeTarget;
			buildConfigurationList = 220E6D722643DD510081B64D /* Build configuration list for PBXNativeTarget "MyFirstIosUITests" */;
			buildPhases = (
				220E6D5F2643DD500081B64D /* Sources */,
				220E6D602643DD500081B64D /* Frameworks */,
				220E6D612643DD500081B64D /* Resources */,
			);
			buildRules = (
			);
			dependencies = (
				220E6D652643DD500081B64D /* PBXTargetDependency */,
			);
			name = MyFirstIosUITests;
			productName = MyFirstIosUITests;
			productReference = 220E6D632643DD500081B64D /* MyFirstIosUITests.xctest */;
			productType = "com.apple.product-type.bundle.ui-testing";
		};
/* End PBXNativeTarget section */

/* Begin PBXProject section */
		220E6D3A2643DD4D0081B64D /* Project object */ = {
			isa = PBXProject;
			attributes = {
				LastSwiftUpdateCheck = 1250;
				LastUpgradeCheck = 1250;
				TargetAttributes = {
					220E6D412643DD4D0081B64D = {
						CreatedOnToolsVersion = 12.5;
					};
					220E6D572643DD500081B64D = {
						CreatedOnToolsVersion = 12.5;
						TestTargetID = 220E6D412643DD4D0081B64D;
					};
					220E6D622643DD500081B64D = {
						CreatedOnToolsVersion = 12.5;
						TestTargetID = 220E6D412643DD4D0081B64D;
					};
				};
			};
			buildConfigurationList = 220E6D3D2643DD4D0081B64D /* Build configuration list for PBXProject "MyFirstIos" */;
			compatibilityVersion = "Xcode 9.3";
			developmentRegion = en;
			hasScannedForEncodings = 0;
			knownRegions = (
				en,
				Base,
			);
			mainGroup = 220E6D392643DD4D0081B64D;
			productRefGroup = 220E6D432643DD4D0081B64D /* Products */;
			projectDirPath = "";
			projectRoot = "";
			targets = (
				220E6D412643DD4D0081B64D /* MyFirstIos */,
				220E6D572643DD500081B64D /* MyFirstIosTests */,
				220E6D622643DD500081B64D /* MyFirstIosUITests */,
			);
		};
/* End PBXProject section */

/* Begin PBXResourcesBuildPhase section */
		220E6D402643DD4D0081B64D /* Resources */ = {
			isa = PBXResourcesBuildPhase;
			buildActionMask = 2147483647;
			files = (
				220E6D522643DD500081B64D /* LaunchScreen.storyboard in Resources */,
				220E6D4F2643DD500081B64D /* Assets.xcassets in Resources */,
				220E6D4D2643DD4D0081B64D /* Main.storyboard in Resources */,
			);
			runOnlyForDeploymentPostprocessing = 0;
		};
		220E6D562643DD500081B64D /* Resources */ = {
			isa = PBXResourcesBuildPhase;
			buildActionMask = 2147483647;
			files = (
			);
			runOnlyForDeploymentPostprocessing = 0;
		};
		220E6D612643DD500081B64D /* Resources */ = {
			isa = PBXResourcesBuildPhase;
			buildActionMask = 2147483647;
			files = (
			);
			runOnlyForDeploymentPostprocessing = 0;
		};
/* End PBXResourcesBuildPhase section */

/* Begin PBXSourcesBuildPhase section */
		220E6D3E2643DD4D0081B64D /* Sources */ = {
			isa = PBXSourcesBuildPhase;
			buildActionMask = 2147483647;
			files = (
				220E6D4A2643DD4D0081B64D /* ViewController.swift in Sources */,
				220E6D462643DD4D0081B64D /* AppDelegate.swift in Sources */,
				220E6D482643DD4D0081B64D /* SceneDelegate.swift in Sources */,
			);
			runOnlyForDeploymentPostprocessing = 0;
		};
		220E6D542643DD500081B64D /* Sources */ = {
			isa = PBXSourcesBuildPhase;
			buildActionMask = 2147483647;
			files = (
				220E6D5D2643DD500081B64D /* MyFirstIosTests.swift in Sources */,
			);
			runOnlyForDeploymentPostprocessing = 0;
		};
		220E6D5F2643DD500081B64D /* Sources */ = {
			isa = PBXSourcesBuildPhase;
			buildActionMask = 2147483647;
			files = (
				220E6D682643DD510081B64D /* MyFirstIosUITests.swift in Sources */,
			);
			runOnlyForDeploymentPostprocessing = 0;
		};
/* End PBXSourcesBuildPhase section */

/* Begin PBXTargetDependency section */
		220E6D5A2643DD500081B64D /* PBXTargetDependency */ = {
			isa = PBXTargetDependency;
			target = 220E6D412643DD4D0081B64D /* MyFirstIos */;
			targetProxy = 220E6D592643DD500081B64D /* PBXContainerItemProxy */;
		};
		220E6D652643DD500081B64D /* PBXTargetDependency */ = {
			isa = PBXTargetDependency;
			target = 220E6D412643DD4D0081B64D /* MyFirstIos */;
			targetProxy = 220E6D642643DD500081B64D /* PBXContainerItemProxy */;
		};
/* End PBXTargetDependency section */

/* Begin PBXVariantGroup section */
		220E6D4B2643DD4D0081B64D /* Main.storyboard */ = {
			isa = PBXVariantGroup;
			children = (
				220E6D4C2643DD4D0081B64D /* Base */,
			);
			name = Main.storyboard;
			sourceTree = "<group>";
		};
		220E6D502643DD500081B64D /* LaunchScreen.storyboard */ = {
			isa = PBXVariantGroup;
			children = (
				220E6D512643DD500081B64D /* Base */,
			);
			name = LaunchScreen.storyboard;
			sourceTree = "<group>";
		};
/* End PBXVariantGroup section */

/* Begin XCBuildConfiguration section */
		220E6D6A2643DD510081B64D /* Debug */ = {
			isa = XCBuildConfiguration;
			buildSettings = {
				ALWAYS_SEARCH_USER_PATHS = NO;
				CLANG_ANALYZER_NONNULL = YES;
				CLANG_ANALYZER_NUMBER_OBJECT_CONVERSION = YES_AGGRESSIVE;
				CLANG_CXX_LANGUAGE_STANDARD = "gnu++14";
				CLANG_CXX_LIBRARY = "libc++";
				CLANG_ENABLE_MODULES = YES;
				CLANG_ENABLE_OBJC_ARC = YES;
				CLANG_ENABLE_OBJC_WEAK = YES;
				CLANG_WARN_BLOCK_CAPTURE_AUTORELEASING = YES;
				CLANG_WARN_BOOL_CONVERSION = YES;
				CLANG_WARN_COMMA = YES;
				CLANG_WARN_CONSTANT_CONVERSION = YES;
				CLANG_WARN_DEPRECATED_OBJC_IMPLEMENTATIONS = YES;
				CLANG_WARN_DIRECT_OBJC_ISA_USAGE = YES_ERROR;
				CLANG_WARN_DOCUMENTATION_COMMENTS = YES;
				CLANG_WARN_EMPTY_BODY = YES;
				CLANG_WARN_ENUM_CONVERSION = YES;
				CLANG_WARN_INFINITE_RECURSION = YES;
				CLANG_WARN_INT_CONVERSION = YES;
				CLANG_WARN_NON_LITERAL_NULL_CONVERSION = YES;
				CLANG_WARN_OBJC_IMPLICIT_RETAIN_SELF = YES;
				CLANG_WARN_OBJC_LITERAL_CONVERSION = YES;
				CLANG_WARN_OBJC_ROOT_CLASS = YES_ERROR;
				CLANG_WARN_QUOTED_INCLUDE_IN_FRAMEWORK_HEADER = YES;
				CLANG_WARN_RANGE_LOOP_ANALYSIS = YES;
				CLANG_WARN_STRICT_PROTOTYPES = YES;
				CLANG_WARN_SUSPICIOUS_MOVE = YES;
				CLANG_WARN_UNGUARDED_AVAILABILITY = YES_AGGRESSIVE;
				CLANG_WARN_UNREACHABLE_CODE = YES;
				CLANG_WARN__DUPLICATE_METHOD_MATCH = YES;
				COPY_PHASE_STRIP = NO;
				DEBUG_INFORMATION_FORMAT = dwarf;
				ENABLE_STRICT_OBJC_MSGSEND = YES;
				ENABLE_TESTABILITY = YES;
				GCC_C_LANGUAGE_STANDARD = gnu11;
				GCC_DYNAMIC_NO_PIC = NO;
				GCC_NO_COMMON_BLOCKS = YES;
				GCC_OPTIMIZATION_LEVEL = 0;
				GCC_PREPROCESSOR_DEFINITIONS = (
					"DEBUG=1",
					"$(inherited)",
				);
				GCC_WARN_64_TO_32_BIT_CONVERSION = YES;
				GCC_WARN_ABOUT_RETURN_TYPE = YES_ERROR;
				GCC_WARN_UNDECLARED_SELECTOR = YES;
				GCC_WARN_UNINITIALIZED_AUTOS = YES_AGGRESSIVE;
				GCC_WARN_UNUSED_FUNCTION = YES;
				GCC_WARN_UNUSED_VARIABLE = YES;
				IPHONEOS_DEPLOYMENT_TARGET = 14.5;
				MTL_ENABLE_DEBUG_INFO = INCLUDE_SOURCE;
				MTL_FAST_MATH = YES;
				ONLY_ACTIVE_ARCH = YES;
				SDKROOT = iphoneos;
				SWIFT_ACTIVE_COMPILATION_CONDITIONS = DEBUG;
				SWIFT_OPTIMIZATION_LEVEL = "-Onone";
			};
			name = Debug;
		};
		220E6D6B2643DD510081B64D /* Release */ = {
			isa = XCBuildConfiguration;
			buildSettings = {
				ALWAYS_SEARCH_USER_PATHS = NO;
				CLANG_ANALYZER_NONNULL = YES;
				CLANG_ANALYZER_NUMBER_OBJECT_CONVERSION = YES_AGGRESSIVE;
				CLANG_CXX_LANGUAGE_STANDARD = "gnu++14";
				CLANG_CXX_LIBRARY = "libc++";
				CLANG_ENABLE_MODULES = YES;
				CLANG_ENABLE_OBJC_ARC = YES;
				CLANG_ENABLE_OBJC_WEAK = YES;
				CLANG_WARN_BLOCK_CAPTURE_AUTORELEASING = YES;
				CLANG_WARN_BOOL_CONVERSION = YES;
				CLANG_WARN_COMMA = YES;
				CLANG_WARN_CONSTANT_CONVERSION = YES;
				CLANG_WARN_DEPRECATED_OBJC_IMPLEMENTATIONS = YES;
				CLANG_WARN_DIRECT_OBJC_ISA_USAGE = YES_ERROR;
				CLANG_WARN_DOCUMENTATION_COMMENTS = YES;
				CLANG_WARN_EMPTY_BODY = YES;
				CLANG_WARN_ENUM_CONVERSION = YES;
				CLANG_WARN_INFINITE_RECURSION = YES;
				CLANG_WARN_INT_CONVERSION = YES;
				CLANG_WARN_NON_LITERAL_NULL_CONVERSION = YES;
				CLANG_WARN_OBJC_IMPLICIT_RETAIN_SELF = YES;
				CLANG_WARN_OBJC_LITERAL_CONVERSION = YES;
				CLANG_WARN_OBJC_ROOT_CLASS = YES_ERROR;
				CLANG_WARN_QUOTED_INCLUDE_IN_FRAMEWORK_HEADER = YES;
				CLANG_WARN_RANGE_LOOP_ANALYSIS = YES;
				CLANG_WARN_STRICT_PROTOTYPES = YES;
				CLANG_WARN_SUSPICIOUS_MOVE = YES;
				CLANG_WARN_UNGUARDED_AVAILABILITY = YES_AGGRESSIVE;
				CLANG_WARN_UNREACHABLE_CODE = YES;
				CLANG_WARN__DUPLICATE_METHOD_MATCH = YES;
				COPY_PHASE_STRIP = NO;
				DEBUG_INFORMATION_FORMAT = "dwarf-with-dsym";
				ENABLE_NS_ASSERTIONS = NO;
				ENABLE_STRICT_OBJC_MSGSEND = YES;
				GCC_C_LANGUAGE_STANDARD = gnu11;
				GCC_NO_COMMON_BLOCKS = YES;
				GCC_WARN_64_TO_32_BIT_CONVERSION = YES;
				GCC_WARN_ABOUT_RETURN_TYPE = YES_ERROR;
				GCC_WARN_UNDECLARED_SELECTOR = YES;
				GCC_WARN_UNINITIALIZED_AUTOS = YES_AGGRESSIVE;
				GCC_WARN_UNUSED_FUNCTION = YES;
				GCC_WARN_UNUSED_VARIABLE = YES;
				IPHONEOS_DEPLOYMENT_TARGET = 14.5;
				MTL_ENABLE_DEBUG_INFO = NO;
				MTL_FAST_MATH = YES;
				SDKROOT = iphoneos;
				SWIFT_COMPILATION_MODE = wholemodule;
				SWIFT_OPTIMIZATION_LEVEL = "-O";
				VALIDATE_PRODUCT = YES;
			};
			name = Release;
		};
		220E6D6D2643DD510081B64D /* Debug */ = {
			isa = XCBuildConfiguration;
			buildSettings = {
				ASSETCATALOG_COMPILER_APPICON_NAME = AppIcon;
				ASSETCATALOG_COMPILER_GLOBAL_ACCENT_COLOR_NAME = AccentColor;
				CODE_SIGN_STYLE = Automatic;
				INFOPLIST_FILE = MyFirstIos/Info.plist;
				LD_RUNPATH_SEARCH_PATHS = (
					"$(inherited)",
					"@executable_path/Frameworks",
				);
				PRODUCT_BUNDLE_IDENTIFIER = com.yamu.MyFirstIos;
				PRODUCT_NAME = "$(TARGET_NAME)";
				SWIFT_VERSION = 5.0;
				TARGETED_DEVICE_FAMILY = "1,2";
			};
			name = Debug;
		};
		220E6D6E2643DD510081B64D /* Release */ = {
			isa = XCBuildConfiguration;
			buildSettings = {
				ASSETCATALOG_COMPILER_APPICON_NAME = AppIcon;
				ASSETCATALOG_COMPILER_GLOBAL_ACCENT_COLOR_NAME = AccentColor;
				CODE_SIGN_STYLE = Automatic;
				INFOPLIST_FILE = MyFirstIos/Info.plist;
				LD_RUNPATH_SEARCH_PATHS = (
					"$(inherited)",
					"@executable_path/Frameworks",
				);
				PRODUCT_BUNDLE_IDENTIFIER = com.yamu.MyFirstIos;
				PRODUCT_NAME = "$(TARGET_NAME)";
				SWIFT_VERSION = 5.0;
				TARGETED_DEVICE_FAMILY = "1,2";
			};
			name = Release;
		};
		220E6D702643DD510081B64D /* Debug */ = {
			isa = XCBuildConfiguration;
			buildSettings = {
				ALWAYS_EMBED_SWIFT_STANDARD_LIBRARIES = YES;
				BUNDLE_LOADER = "$(TEST_HOST)";
				CODE_SIGN_STYLE = Automatic;
				INFOPLIST_FILE = MyFirstIosTests/Info.plist;
				IPHONEOS_DEPLOYMENT_TARGET = 14.5;
				LD_RUNPATH_SEARCH_PATHS = (
					"$(inherited)",
					"@executable_path/Frameworks",
					"@loader_path/Frameworks",
				);
				PRODUCT_BUNDLE_IDENTIFIER = com.yamu.MyFirstIosTests;
				PRODUCT_NAME = "$(TARGET_NAME)";
				SWIFT_VERSION = 5.0;
				TARGETED_DEVICE_FAMILY = "1,2";
				TEST_HOST = "$(BUILT_PRODUCTS_DIR)/MyFirstIos.app/MyFirstIos";
			};
			name = Debug;
		};
		220E6D712643DD510081B64D /* Release */ = {
			isa = XCBuildConfiguration;
			buildSettings = {
				ALWAYS_EMBED_SWIFT_STANDARD_LIBRARIES = YES;
				BUNDLE_LOADER = "$(TEST_HOST)";
				CODE_SIGN_STYLE = Automatic;
				INFOPLIST_FILE = MyFirstIosTests/Info.plist;
				IPHONEOS_DEPLOYMENT_TARGET = 14.5;
				LD_RUNPATH_SEARCH_PATHS = (
					"$(inherited)",
					"@executable_path/Frameworks",
					"@loader_path/Frameworks",
				);
				PRODUCT_BUNDLE_IDENTIFIER = com.yamu.MyFirstIosTests;
				PRODUCT_NAME = "$(TARGET_NAME)";
				SWIFT_VERSION = 5.0;
				TARGETED_DEVICE_FAMILY = "1,2";
				TEST_HOST = "$(BUILT_PRODUCTS_DIR)/MyFirstIos.app/MyFirstIos";
			};
			name = Release;
		};
		220E6D732643DD510081B64D /* Debug */ = {
			isa = XCBuildConfiguration;
			buildSettings = {
				ALWAYS_EMBED_SWIFT_STANDARD_LIBRARIES = YES;
				CODE_SIGN_STYLE = Automatic;
				INFOPLIST_FILE = MyFirstIosUITests/Info.plist;
				LD_RUNPATH_SEARCH_PATHS = (
					"$(inherited)",
					"@executable_path/Frameworks",
					"@loader_path/Frameworks",
				);
				PRODUCT_BUNDLE_IDENTIFIER = com.yamu.MyFirstIosUITests;
				PRODUCT_NAME = "$(TARGET_NAME)";
				SWIFT_VERSION = 5.0;
				TARGETED_DEVICE_FAMILY = "1,2";
				TEST_TARGET_NAME = MyFirstIos;
			};
			name = Debug;
		};
		220E6D742643DD510081B64D /* Release */ = {
			isa = XCBuildConfiguration;
			buildSettings = {
				ALWAYS_EMBED_SWIFT_STANDARD_LIBRARIES = YES;
				CODE_SIGN_STYLE = Automatic;
				INFOPLIST_FILE = MyFirstIosUITests/Info.plist;
				LD_RUNPATH_SEARCH_PATHS = (
					"$(inherited)",
					"@executable_path/Frameworks",
					"@loader_path/Frameworks",
				);
				PRODUCT_BUNDLE_IDENTIFIER = com.yamu.MyFirstIosUITests;
				PRODUCT_NAME = "$(TARGET_NAME)";
				SWIFT_VERSION = 5.0;
				TARGETED_DEVICE_FAMILY = "1,2";
				TEST_TARGET_NAME = MyFirstIos;
			};
			name = Release;
		};
/* End XCBuildConfiguration section */

/* Begin XCConfigurationList section */
		220E6D3D2643DD4D0081B64D /* Build configuration list for PBXProject "MyFirstIos" */ = {
			isa = XCConfigurationList;
			buildConfigurations = (
				220E6D6A2643DD510081B64D /* Debug */,
				220E6D6B2643DD510081B64D /* Release */,
			);
			defaultConfigurationIsVisible = 0;
			defaultConfigurationName = Release;
		};
		220E6D6C2643DD510081B64D /* Build configuration list for PBXNativeTarget "MyFirstIos" */ = {
			isa = XCConfigurationList;
			buildConfigurations = (
				220E6D6D2643DD510081B64D /* Debug */,
				220E6D6E2643DD510081B64D /* Release */,
			);
			defaultConfigurationIsVisible = 0;
			defaultConfigurationName = Release;
		};
		220E6D6F2643DD510081B64D /* Build configuration list for PBXNativeTarget "MyFirstIosTests" */ = {
			isa = XCConfigurationList;
			buildConfigurations = (
				220E6D702643DD510081B64D /* Debug */,
				220E6D712643DD510081B64D /* Release */,
			);
			defaultConfigurationIsVisible = 0;
			defaultConfigurationName = Release;
		};
		220E6D722643DD510081B64D /* Build configuration list for PBXNativeTarget "MyFirstIosUITests" */ = {
			isa = XCConfigurationList;
			buildConfigurations = (
				220E6D732643DD510081B64D /* Debug */,
				220E6D742643DD510081B64D /* Release */,
			);
			defaultConfigurationIsVisible = 0;
			defaultConfigurationName = Release;
		};
/* End XCConfigurationList section */
	};
	rootObject = 220E6D3A2643DD4D0081B64D /* Project object */;
}
